// !$*UTF8*$!
{
	archiveVersion = 1;
	classes = {
	};
	objectVersion = 50;
	objects = {

/* Begin PBXBuildFile section */
		0BB5A15B216B82B1002F4CFA /* AppDelegate.swift in Sources */ = {isa = PBXBuildFile; fileRef = 0BB5A15A216B82B1002F4CFA /* AppDelegate.swift */; };
		0BB5A15D216B82B1002F4CFA /* FirstViewController.swift in Sources */ = {isa = PBXBuildFile; fileRef = 0BB5A15C216B82B1002F4CFA /* FirstViewController.swift */; };
		0BB5A15F216B82B1002F4CFA /* SearchViewController.swift in Sources */ = {isa = PBXBuildFile; fileRef = 0BB5A15E216B82B1002F4CFA /* SearchViewController.swift */; };
		0BB5A162216B82B1002F4CFA /* Main.storyboard in Resources */ = {isa = PBXBuildFile; fileRef = 0BB5A160216B82B1002F4CFA /* Main.storyboard */; };
		0BB5A164216B82B3002F4CFA /* Assets.xcassets in Resources */ = {isa = PBXBuildFile; fileRef = 0BB5A163216B82B3002F4CFA /* Assets.xcassets */; };
		0BB5A167216B82B3002F4CFA /* LaunchScreen.storyboard in Resources */ = {isa = PBXBuildFile; fileRef = 0BB5A165216B82B3002F4CFA /* LaunchScreen.storyboard */; };
		0BB92EFE21747D7B00CA236A /* GraphiticsView.swift in Sources */ = {isa = PBXBuildFile; fileRef = 0BB92EFD21747D7B00CA236A /* GraphiticsView.swift */; };
		0BBDF7EB2172918700F484AE /* DestinationCell.swift in Sources */ = {isa = PBXBuildFile; fileRef = 0BBDF7EA2172918700F484AE /* DestinationCell.swift */; };
		0BBDF7ED217291B300F484AE /* SlidingCell.swift in Sources */ = {isa = PBXBuildFile; fileRef = 0BBDF7EC217291B300F484AE /* SlidingCell.swift */; };
		0BBDF7EF2172929B00F484AE /* Destination.swift in Sources */ = {isa = PBXBuildFile; fileRef = 0BBDF7EE2172929B00F484AE /* Destination.swift */; };
		0BBDF7F1217292E100F484AE /* DestinationProvider.swift in Sources */ = {isa = PBXBuildFile; fileRef = 0BBDF7F0217292E100F484AE /* DestinationProvider.swift */; };
		0BEDAC402174821700551CEC /* MainTabBarController.swift in Sources */ = {isa = PBXBuildFile; fileRef = 0BEDAC3F2174821700551CEC /* MainTabBarController.swift */; };
		460182639A38E325F8A2D476 /* Pods_travelics.framework in Frameworks */ = {isa = PBXBuildFile; fileRef = 08607876FE35A64FF494F357 /* Pods_travelics.framework */; };
/* End PBXBuildFile section */

/* Begin PBXFileReference section */
		08607876FE35A64FF494F357 /* Pods_travelics.framework */ = {isa = PBXFileReference; explicitFileType = wrapper.framework; includeInIndex = 0; path = Pods_travelics.framework; sourceTree = BUILT_PRODUCTS_DIR; };
		0BB5A157216B82B1002F4CFA /* travelics.app */ = {isa = PBXFileReference; explicitFileType = wrapper.application; includeInIndex = 0; path = travelics.app; sourceTree = BUILT_PRODUCTS_DIR; };
		0BB5A15A216B82B1002F4CFA /* AppDelegate.swift */ = {isa = PBXFileReference; lastKnownFileType = sourcecode.swift; path = AppDelegate.swift; sourceTree = "<group>"; };
		0BB5A15C216B82B1002F4CFA /* FirstViewController.swift */ = {isa = PBXFileReference; lastKnownFileType = sourcecode.swift; path = FirstViewController.swift; sourceTree = "<group>"; };
		0BB5A15E216B82B1002F4CFA /* SearchViewController.swift */ = {isa = PBXFileReference; lastKnownFileType = sourcecode.swift; path = SearchViewController.swift; sourceTree = "<group>"; };
		0BB5A161216B82B1002F4CFA /* Base */ = {isa = PBXFileReference; lastKnownFileType = file.storyboard; name = Base; path = Base.lproj/Main.storyboard; sourceTree = "<group>"; };
		0BB5A163216B82B3002F4CFA /* Assets.xcassets */ = {isa = PBXFileReference; lastKnownFileType = folder.assetcatalog; path = Assets.xcassets; sourceTree = "<group>"; };
		0BB5A166216B82B3002F4CFA /* Base */ = {isa = PBXFileReference; lastKnownFileType = file.storyboard; name = Base; path = Base.lproj/LaunchScreen.storyboard; sourceTree = "<group>"; };
		0BB5A168216B82B3002F4CFA /* Info.plist */ = {isa = PBXFileReference; lastKnownFileType = text.plist.xml; path = Info.plist; sourceTree = "<group>"; };
		0BB92EFD21747D7B00CA236A /* GraphiticsView.swift */ = {isa = PBXFileReference; lastKnownFileType = sourcecode.swift; path = GraphiticsView.swift; sourceTree = "<group>"; };
		0BBDF7EA2172918700F484AE /* DestinationCell.swift */ = {isa = PBXFileReference; lastKnownFileType = sourcecode.swift; path = DestinationCell.swift; sourceTree = "<group>"; };
		0BBDF7EC217291B300F484AE /* SlidingCell.swift */ = {isa = PBXFileReference; lastKnownFileType = sourcecode.swift; path = SlidingCell.swift; sourceTree = "<group>"; };
		0BBDF7EE2172929B00F484AE /* Destination.swift */ = {isa = PBXFileReference; lastKnownFileType = sourcecode.swift; path = Destination.swift; sourceTree = "<group>"; };
		0BBDF7F0217292E100F484AE /* DestinationProvider.swift */ = {isa = PBXFileReference; lastKnownFileType = sourcecode.swift; path = DestinationProvider.swift; sourceTree = "<group>"; };
		0BEDAC3F2174821700551CEC /* MainTabBarController.swift */ = {isa = PBXFileReference; lastKnownFileType = sourcecode.swift; path = MainTabBarController.swift; sourceTree = "<group>"; };
		0F642679383771110C94D0D8 /* Pods-travelics.release.xcconfig */ = {isa = PBXFileReference; includeInIndex = 1; lastKnownFileType = text.xcconfig; name = "Pods-travelics.release.xcconfig"; path = "Pods/Target Support Files/Pods-travelics/Pods-travelics.release.xcconfig"; sourceTree = "<group>"; };
		F7071930ABF0AE9AEA7ADAFA /* Pods-travelics.debug.xcconfig */ = {isa = PBXFileReference; includeInIndex = 1; lastKnownFileType = text.xcconfig; name = "Pods-travelics.debug.xcconfig"; path = "Pods/Target Support Files/Pods-travelics/Pods-travelics.debug.xcconfig"; sourceTree = "<group>"; };
/* End PBXFileReference section */

/* Begin PBXFrameworksBuildPhase section */
		0BB5A154216B82B1002F4CFA /* Frameworks */ = {
			isa = PBXFrameworksBuildPhase;
			buildActionMask = 2147483647;
			files = (
				460182639A38E325F8A2D476 /* Pods_travelics.framework in Frameworks */,
			);
			runOnlyForDeploymentPostprocessing = 0;
		};
/* End PBXFrameworksBuildPhase section */

/* Begin PBXGroup section */
		0BB5A14E216B82B1002F4CFA = {
			isa = PBXGroup;
			children = (
				0BB5A159216B82B1002F4CFA /* travelics */,
				0BB5A158216B82B1002F4CFA /* Products */,
				56AD8E1D306B17A6B68BEB1A /* Pods */,
				C6519A912A3BAE07F947A3CA /* Frameworks */,
			);
			sourceTree = "<group>";
		};
		0BB5A158216B82B1002F4CFA /* Products */ = {
			isa = PBXGroup;
			children = (
				0BB5A157216B82B1002F4CFA /* travelics.app */,
			);
			name = Products;
			sourceTree = "<group>";
		};
		0BB5A159216B82B1002F4CFA /* travelics */ = {
			isa = PBXGroup;
			children = (
				0BB92EFC21747D6000CA236A /* View */,
				0BB92EFB21747C2700CA236A /* Utils */,
				0BB92EFA21747C2100CA236A /* Models */,
				0BB92EF921747C1300CA236A /* View Controllers */,
				0BB92EF821747C0D00CA236A /* Cells */,
				0BB5A163216B82B3002F4CFA /* Assets.xcassets */,
				0BB5A168216B82B3002F4CFA /* Info.plist */,
			);
			path = travelics;
			sourceTree = "<group>";
		};
		0BB92EF821747C0D00CA236A /* Cells */ = {
			isa = PBXGroup;
			children = (
				0BBDF7EA2172918700F484AE /* DestinationCell.swift */,
				0BBDF7EC217291B300F484AE /* SlidingCell.swift */,
			);
			path = Cells;
			sourceTree = "<group>";
		};
		0BB92EF921747C1300CA236A /* View Controllers */ = {
			isa = PBXGroup;
			children = (
				0BB5A15C216B82B1002F4CFA /* FirstViewController.swift */,
				0BB5A15E216B82B1002F4CFA /* SearchViewController.swift */,
				0BEDAC3F2174821700551CEC /* MainTabBarController.swift */,
			);
			path = "View Controllers";
			sourceTree = "<group>";
		};
		0BB92EFA21747C2100CA236A /* Models */ = {
			isa = PBXGroup;
			children = (
				0BBDF7EE2172929B00F484AE /* Destination.swift */,
				0BBDF7F0217292E100F484AE /* DestinationProvider.swift */,
			);
			path = Models;
			sourceTree = "<group>";
		};
		0BB92EFB21747C2700CA236A /* Utils */ = {
			isa = PBXGroup;
			children = (
				0BB5A15A216B82B1002F4CFA /* AppDelegate.swift */,
				0BB5A160216B82B1002F4CFA /* Main.storyboard */,
				0BB5A165216B82B3002F4CFA /* LaunchScreen.storyboard */,
			);
			path = Utils;
			sourceTree = "<group>";
		};
		0BB92EFC21747D6000CA236A /* View */ = {
			isa = PBXGroup;
			children = (
				0BB92EFD21747D7B00CA236A /* GraphiticsView.swift */,
			);
			path = View;
			sourceTree = "<group>";
		};
		56AD8E1D306B17A6B68BEB1A /* Pods */ = {
			isa = PBXGroup;
			children = (
				F7071930ABF0AE9AEA7ADAFA /* Pods-travelics.debug.xcconfig */,
				0F642679383771110C94D0D8 /* Pods-travelics.release.xcconfig */,
			);
			name = Pods;
			sourceTree = "<group>";
		};
		C6519A912A3BAE07F947A3CA /* Frameworks */ = {
			isa = PBXGroup;
			children = (
				08607876FE35A64FF494F357 /* Pods_travelics.framework */,
			);
			name = Frameworks;
			sourceTree = "<group>";
		};
/* End PBXGroup section */

/* Begin PBXNativeTarget section */
		0BB5A156216B82B1002F4CFA /* travelics */ = {
			isa = PBXNativeTarget;
			buildConfigurationList = 0BB5A16B216B82B3002F4CFA /* Build configuration list for PBXNativeTarget "travelics" */;
			buildPhases = (
				3057E1C07C78D48BC309E74B /* [CP] Check Pods Manifest.lock */,
				0BB5A153216B82B1002F4CFA /* Sources */,
				0BB5A154216B82B1002F4CFA /* Frameworks */,
				0BB5A155216B82B1002F4CFA /* Resources */,
				269028C0BBF33E30113CB69D /* [CP] Embed Pods Frameworks */,
			);
			buildRules = (
			);
			dependencies = (
			);
			name = travelics;
			productName = travelics;
			productReference = 0BB5A157216B82B1002F4CFA /* travelics.app */;
			productType = "com.apple.product-type.application";
		};
/* End PBXNativeTarget section */

/* Begin PBXProject section */
		0BB5A14F216B82B1002F4CFA /* Project object */ = {
			isa = PBXProject;
			attributes = {
				LastSwiftUpdateCheck = 1000;
				LastUpgradeCheck = 1000;
				ORGANIZATIONNAME = "Bastien Beurier";
				TargetAttributes = {
					0BB5A156216B82B1002F4CFA = {
						CreatedOnToolsVersion = 10.0;
					};
				};
			};
			buildConfigurationList = 0BB5A152216B82B1002F4CFA /* Build configuration list for PBXProject "travelics" */;
			compatibilityVersion = "Xcode 9.3";
			developmentRegion = en;
			hasScannedForEncodings = 0;
			knownRegions = (
				en,
				Base,
			);
			mainGroup = 0BB5A14E216B82B1002F4CFA;
			productRefGroup = 0BB5A158216B82B1002F4CFA /* Products */;
			projectDirPath = "";
			projectRoot = "";
			targets = (
				0BB5A156216B82B1002F4CFA /* travelics */,
			);
		};
/* End PBXProject section */

/* Begin PBXResourcesBuildPhase section */
		0BB5A155216B82B1002F4CFA /* Resources */ = {
			isa = PBXResourcesBuildPhase;
			buildActionMask = 2147483647;
			files = (
				0BB5A167216B82B3002F4CFA /* LaunchScreen.storyboard in Resources */,
				0BB5A164216B82B3002F4CFA /* Assets.xcassets in Resources */,
				0BB5A162216B82B1002F4CFA /* Main.storyboard in Resources */,
			);
			runOnlyForDeploymentPostprocessing = 0;
		};
/* End PBXResourcesBuildPhase section */

/* Begin PBXShellScriptBuildPhase section */
		269028C0BBF33E30113CB69D /* [CP] Embed Pods Frameworks */ = {
			isa = PBXShellScriptBuildPhase;
			buildActionMask = 2147483647;
			files = (
			);
			inputPaths = (
				"${SRCROOT}/Pods/Target Support Files/Pods-travelics/Pods-travelics-frameworks.sh",
				"${BUILT_PRODUCTS_DIR}/Floaty/Floaty.framework",
			);
			name = "[CP] Embed Pods Frameworks";
			outputPaths = (
				"${TARGET_BUILD_DIR}/${FRAMEWORKS_FOLDER_PATH}/Floaty.framework",
			);
			runOnlyForDeploymentPostprocessing = 0;
			shellPath = /bin/sh;
			shellScript = "\"${SRCROOT}/Pods/Target Support Files/Pods-travelics/Pods-travelics-frameworks.sh\"\n";
			showEnvVarsInLog = 0;
		};
		3057E1C07C78D48BC309E74B /* [CP] Check Pods Manifest.lock */ = {
			isa = PBXShellScriptBuildPhase;
			buildActionMask = 2147483647;
			files = (
			);
			inputPaths = (
				"${PODS_PODFILE_DIR_PATH}/Podfile.lock",
				"${PODS_ROOT}/Manifest.lock",
			);
			name = "[CP] Check Pods Manifest.lock";
			outputPaths = (
				"$(DERIVED_FILE_DIR)/Pods-travelics-checkManifestLockResult.txt",
			);
			runOnlyForDeploymentPostprocessing = 0;
			shellPath = /bin/sh;
			shellScript = "diff \"${PODS_PODFILE_DIR_PATH}/Podfile.lock\" \"${PODS_ROOT}/Manifest.lock\" > /dev/null\nif [ $? != 0 ] ; then\n    # print error to STDERR\n    echo \"error: The sandbox is not in sync with the Podfile.lock. Run 'pod install' or update your CocoaPods installation.\" >&2\n    exit 1\nfi\n# This output is used by Xcode 'outputs' to avoid re-running this script phase.\necho \"SUCCESS\" > \"${SCRIPT_OUTPUT_FILE_0}\"\n";
			showEnvVarsInLog = 0;
		};
/* End PBXShellScriptBuildPhase section */

/* Begin PBXSourcesBuildPhase section */
		0BB5A153216B82B1002F4CFA /* Sources */ = {
			isa = PBXSourcesBuildPhase;
			buildActionMask = 2147483647;
			files = (
				0BB92EFE21747D7B00CA236A /* GraphiticsView.swift in Sources */,
				0BBDF7ED217291B300F484AE /* SlidingCell.swift in Sources */,
				0BEDAC402174821700551CEC /* MainTabBarController.swift in Sources */,
				0BB5A15F216B82B1002F4CFA /* SearchViewController.swift in Sources */,
				0BBDF7F1217292E100F484AE /* DestinationProvider.swift in Sources */,
				0BBDF7EF2172929B00F484AE /* Destination.swift in Sources */,
				0BB5A15B216B82B1002F4CFA /* AppDelegate.swift in Sources */,
				0BBDF7EB2172918700F484AE /* DestinationCell.swift in Sources */,
				0BB5A15D216B82B1002F4CFA /* FirstViewController.swift in Sources */,
			);
			runOnlyForDeploymentPostprocessing = 0;
		};
/* End PBXSourcesBuildPhase section */

/* Begin PBXVariantGroup section */
		0BB5A160216B82B1002F4CFA /* Main.storyboard */ = {
			isa = PBXVariantGroup;
			children = (
				0BB5A161216B82B1002F4CFA /* Base */,
			);
			name = Main.storyboard;
			sourceTree = "<group>";
		};
		0BB5A165216B82B3002F4CFA /* LaunchScreen.storyboard */ = {
			isa = PBXVariantGroup;
			children = (
				0BB5A166216B82B3002F4CFA /* Base */,
			);
			name = LaunchScreen.storyboard;
			sourceTree = "<group>";
		};
/* End PBXVariantGroup section */

/* Begin XCBuildConfiguration section */
		0BB5A169216B82B3002F4CFA /* Debug */ = {
			isa = XCBuildConfiguration;
			buildSettings = {
				ALWAYS_SEARCH_USER_PATHS = NO;
				CLANG_ANALYZER_NONNULL = YES;
				CLANG_ANALYZER_NUMBER_OBJECT_CONVERSION = YES_AGGRESSIVE;
				CLANG_CXX_LANGUAGE_STANDARD = "gnu++14";
				CLANG_CXX_LIBRARY = "libc++";
				CLANG_ENABLE_MODULES = YES;
				CLANG_ENABLE_OBJC_ARC = YES;
				CLANG_ENABLE_OBJC_WEAK = YES;
				CLANG_WARN_BLOCK_CAPTURE_AUTORELEASING = YES;
				CLANG_WARN_BOOL_CONVERSION = YES;
				CLANG_WARN_COMMA = YES;
				CLANG_WARN_CONSTANT_CONVERSION = YES;
				CLANG_WARN_DEPRECATED_OBJC_IMPLEMENTATIONS = YES;
				CLANG_WARN_DIRECT_OBJC_ISA_USAGE = YES_ERROR;
				CLANG_WARN_DOCUMENTATION_COMMENTS = YES;
				CLANG_WARN_EMPTY_BODY = YES;
				CLANG_WARN_ENUM_CONVERSION = YES;
				CLANG_WARN_INFINITE_RECURSION = YES;
				CLANG_WARN_INT_CONVERSION = YES;
				CLANG_WARN_NON_LITERAL_NULL_CONVERSION = YES;
				CLANG_WARN_OBJC_IMPLICIT_RETAIN_SELF = YES;
				CLANG_WARN_OBJC_LITERAL_CONVERSION = YES;
				CLANG_WARN_OBJC_ROOT_CLASS = YES_ERROR;
				CLANG_WARN_RANGE_LOOP_ANALYSIS = YES;
				CLANG_WARN_STRICT_PROTOTYPES = YES;
				CLANG_WARN_SUSPICIOUS_MOVE = YES;
				CLANG_WARN_UNGUARDED_AVAILABILITY = YES_AGGRESSIVE;
				CLANG_WARN_UNREACHABLE_CODE = YES;
				CLANG_WARN__DUPLICATE_METHOD_MATCH = YES;
				CODE_SIGN_IDENTITY = "iPhone Developer";
				COPY_PHASE_STRIP = NO;
				DEBUG_INFORMATION_FORMAT = dwarf;
				ENABLE_STRICT_OBJC_MSGSEND = YES;
				ENABLE_TESTABILITY = YES;
				GCC_C_LANGUAGE_STANDARD = gnu11;
				GCC_DYNAMIC_NO_PIC = NO;
				GCC_NO_COMMON_BLOCKS = YES;
				GCC_OPTIMIZATION_LEVEL = 0;
				GCC_PREPROCESSOR_DEFINITIONS = (
					"DEBUG=1",
					"$(inherited)",
				);
				GCC_WARN_64_TO_32_BIT_CONVERSION = YES;
				GCC_WARN_ABOUT_RETURN_TYPE = YES_ERROR;
				GCC_WARN_UNDECLARED_SELECTOR = YES;
				GCC_WARN_UNINITIALIZED_AUTOS = YES_AGGRESSIVE;
				GCC_WARN_UNUSED_FUNCTION = YES;
				GCC_WARN_UNUSED_VARIABLE = YES;
				IPHONEOS_DEPLOYMENT_TARGET = 12.0;
				MTL_ENABLE_DEBUG_INFO = INCLUDE_SOURCE;
				MTL_FAST_MATH = YES;
				ONLY_ACTIVE_ARCH = YES;
				SDKROOT = iphoneos;
				SWIFT_ACTIVE_COMPILATION_CONDITIONS = DEBUG;
				SWIFT_OPTIMIZATION_LEVEL = "-Onone";
			};
			name = Debug;
		};
		0BB5A16A216B82B3002F4CFA /* Release */ = {
			isa = XCBuildConfiguration;
			buildSettings = {
				ALWAYS_SEARCH_USER_PATHS = NO;
				CLANG_ANALYZER_NONNULL = YES;
				CLANG_ANALYZER_NUMBER_OBJECT_CONVERSION = YES_AGGRESSIVE;
				CLANG_CXX_LANGUAGE_STANDARD = "gnu++14";
				CLANG_CXX_LIBRARY = "libc++";
				CLANG_ENABLE_MODULES = YES;
				CLANG_ENABLE_OBJC_ARC = YES;
				CLANG_ENABLE_OBJC_WEAK = YES;
				CLANG_WARN_BLOCK_CAPTURE_AUTORELEASING = YES;
				CLANG_WARN_BOOL_CONVERSION = YES;
				CLANG_WARN_COMMA = YES;
				CLANG_WARN_CONSTANT_CONVERSION = YES;
				CLANG_WARN_DEPRECATED_OBJC_IMPLEMENTATIONS = YES;
				CLANG_WARN_DIRECT_OBJC_ISA_USAGE = YES_ERROR;
				CLANG_WARN_DOCUMENTATION_COMMENTS = YES;
				CLANG_WARN_EMPTY_BODY = YES;
				CLANG_WARN_ENUM_CONVERSION = YES;
				CLANG_WARN_INFINITE_RECURSION = YES;
				CLANG_WARN_INT_CONVERSION = YES;
				CLANG_WARN_NON_LITERAL_NULL_CONVERSION = YES;
				CLANG_WARN_OBJC_IMPLICIT_RETAIN_SELF = YES;
				CLANG_WARN_OBJC_LITERAL_CONVERSION = YES;
				CLANG_WARN_OBJC_ROOT_CLASS = YES_ERROR;
				CLANG_WARN_RANGE_LOOP_ANALYSIS = YES;
				CLANG_WARN_STRICT_PROTOTYPES = YES;
				CLANG_WARN_SUSPICIOUS_MOVE = YES;
				CLANG_WARN_UNGUARDED_AVAILABILITY = YES_AGGRESSIVE;
				CLANG_WARN_UNREACHABLE_CODE = YES;
				CLANG_WARN__DUPLICATE_METHOD_MATCH = YES;
				CODE_SIGN_IDENTITY = "iPhone Developer";
				COPY_PHASE_STRIP = NO;
				DEBUG_INFORMATION_FORMAT = "dwarf-with-dsym";
				ENABLE_NS_ASSERTIONS = NO;
				ENABLE_STRICT_OBJC_MSGSEND = YES;
				GCC_C_LANGUAGE_STANDARD = gnu11;
				GCC_NO_COMMON_BLOCKS = YES;
				GCC_WARN_64_TO_32_BIT_CONVERSION = YES;
				GCC_WARN_ABOUT_RETURN_TYPE = YES_ERROR;
				GCC_WARN_UNDECLARED_SELECTOR = YES;
				GCC_WARN_UNINITIALIZED_AUTOS = YES_AGGRESSIVE;
				GCC_WARN_UNUSED_FUNCTION = YES;
				GCC_WARN_UNUSED_VARIABLE = YES;
				IPHONEOS_DEPLOYMENT_TARGET = 12.0;
				MTL_ENABLE_DEBUG_INFO = NO;
				MTL_FAST_MATH = YES;
				SDKROOT = iphoneos;
				SWIFT_COMPILATION_MODE = wholemodule;
				SWIFT_OPTIMIZATION_LEVEL = "-O";
				VALIDATE_PRODUCT = YES;
			};
			name = Release;
		};
		0BB5A16C216B82B3002F4CFA /* Debug */ = {
			isa = XCBuildConfiguration;
			baseConfigurationReference = F7071930ABF0AE9AEA7ADAFA /* Pods-travelics.debug.xcconfig */;
			buildSettings = {
				ASSETCATALOG_COMPILER_APPICON_NAME = AppIcon;
				CODE_SIGN_STYLE = Automatic;
				DEVELOPMENT_TEAM = 9688VHJV6U;
				INFOPLIST_FILE = travelics/Info.plist;
				LD_RUNPATH_SEARCH_PATHS = (
					"$(inherited)",
					"@executable_path/Frameworks",
				);
				PRODUCT_BUNDLE_IDENTIFIER = com.bastien.travelics;
				PRODUCT_NAME = "$(TARGET_NAME)";
				SWIFT_VERSION = 4.2;
				TARGETED_DEVICE_FAMILY = "1,2";
			};
			name = Debug;
		};
		0BB5A16D216B82B3002F4CFA /* Release */ = {
			isa = XCBuildConfiguration;
			baseConfigurationReference = 0F642679383771110C94D0D8 /* Pods-travelics.release.xcconfig */;
			buildSettings = {
				ASSETCATALOG_COMPILER_APPICON_NAME = AppIcon;
				CODE_SIGN_STYLE = Automatic;
				DEVELOPMENT_TEAM = 9688VHJV6U;
				INFOPLIST_FILE = travelics/Info.plist;
				LD_RUNPATH_SEARCH_PATHS = (
					"$(inherited)",
					"@executable_path/Frameworks",
				);
				PRODUCT_BUNDLE_IDENTIFIER = com.bastien.travelics;
				PRODUCT_NAME = "$(TARGET_NAME)";
				SWIFT_VERSION = 4.2;
				TARGETED_DEVICE_FAMILY = "1,2";
			};
			name = Release;
		};
/* End XCBuildConfiguration section */

/* Begin XCConfigurationList section */
		0BB5A152216B82B1002F4CFA /* Build configuration list for PBXProject "travelics" */ = {
			isa = XCConfigurationList;
			buildConfigurations = (
				0BB5A169216B82B3002F4CFA /* Debug */,
				0BB5A16A216B82B3002F4CFA /* Release */,
			);
			defaultConfigurationIsVisible = 0;
			defaultConfigurationName = Release;
		};
		0BB5A16B216B82B3002F4CFA /* Build configuration list for PBXNativeTarget "travelics" */ = {
			isa = XCConfigurationList;
			buildConfigurations = (
				0BB5A16C216B82B3002F4CFA /* Debug */,
				0BB5A16D216B82B3002F4CFA /* Release */,
			);
			defaultConfigurationIsVisible = 0;
			defaultConfigurationName = Release;
		};
/* End XCConfigurationList section */
	};
	rootObject = 0BB5A14F216B82B1002F4CFA /* Project object */;
}
